# THIS IS AN AUTOGENERATED FILE. DO NOT EDIT THIS FILE DIRECTLY.
# yarn lockfile v1


"@babel/runtime@^7.6.0", "@babel/runtime@^7.6.3", "@babel/runtime@^7.7.2":
  version "7.7.2"
  resolved "https://registry.yarnpkg.com/@babel/runtime/-/runtime-7.7.2.tgz#111a78002a5c25fc8e3361bedc9529c696b85a6a"
  integrity sha512-JONRbXbTXc9WQE2mAZd1p0Z3DZ/6vaQIkgYMSTP3KjRCyd7rCZCcfhCyX+YjwcKxcZ82UrxbRD358bpExNgrjw==
  dependencies:
    regenerator-runtime "^0.13.2"

"@smooth-ui/core-sc@^11.1.1":
  version "11.1.1"
  resolved "https://registry.yarnpkg.com/@smooth-ui/core-sc/-/core-sc-11.1.1.tgz#3a242b53c73f129e05544a648e5ce04ec13ee09a"
  integrity sha512-jPPLxbWRf3wKXWBK3YdF3hqhByo4aTDwhQm/WUpjsMfEhOUNOfNDFn6WisXfnj8g31FML2+OgtJALe66ysaNrg==
  dependencies:
    "@babel/runtime" "^7.6.0"
    "@xstyled/styled-components" "^1.11.0"
    "@xstyled/util" "^1.11.0"
    polished "^3.4.1"
    prop-desc "^1.0.0"
    prop-types "^15.7.2"
    react-flatten-children "^1.0.0"
    react-merge-refs "^1.0.0"

"@xstyled/core@^1.15.0":
  version "1.15.0"
  resolved "https://registry.yarnpkg.com/@xstyled/core/-/core-1.15.0.tgz#0f67671f654d92d276a876edee6ef8878ee6694c"
  integrity sha512-PMbo0Q8eDUPKzho8idjAZ05170ifRRkjroQXx3NuHeSwCVaj7MCpsZPXwBj3eEzTrpq7/aWORJLsaPKE0Pmovw==
  dependencies:
    "@babel/runtime" "^7.7.2"
    "@xstyled/system" "^1.14.0"

"@xstyled/styled-components@^1.11.0":
  version "1.15.0"
  resolved "https://registry.yarnpkg.com/@xstyled/styled-components/-/styled-components-1.15.0.tgz#f5983ba5f3aecc933674f1c3d173d3e0e7a97e86"
  integrity sha512-H7wyEUXe3aYKQbWvSSQV/RXz5yCflkhkKp3Z7dXA3J4vdPBfZQfKYz0fs1dMS3MolodSvQ7m7+9+vkHWd5QAxA==
  dependencies:
    "@babel/runtime" "^7.7.2"
    "@xstyled/core" "^1.15.0"
    "@xstyled/system" "^1.14.0"
    "@xstyled/util" "^1.14.0"

"@xstyled/system@^1.14.0":
  version "1.14.0"
  resolved "https://registry.yarnpkg.com/@xstyled/system/-/system-1.14.0.tgz#c1497569d60c4d1d9303139ffd0fca0af8a556fe"
  integrity sha512-f2cGUD4X4nQ3WjxUTDZLWZMLH0rN9GqoUizw7ZtHryA++2AvxwkJkaQNWP/VkR7PM5/KFJRdiYlCiVUG7xB0zA==
  dependencies:
    "@babel/runtime" "^7.7.2"
    "@xstyled/util" "^1.14.0"

"@xstyled/util@^1.11.0", "@xstyled/util@^1.14.0":
  version "1.14.0"
  resolved "https://registry.yarnpkg.com/@xstyled/util/-/util-1.14.0.tgz#467ca02df7cb6786e6d6eaf9d8a7aecf3269f52b"
  integrity sha512-lLz0tVi2GpjBZ1P0y+CB+P+y2Pzymm2fxJk3AeDGe73OD1Silhw3dCTHTn+2R2O2rC8JSmErowOEUvIx5DZxvw==
  dependencies:
    "@babel/runtime" "^7.7.2"

body-scroll-lock@^2.6.4:
  version "2.6.4"
  resolved "https://registry.yarnpkg.com/body-scroll-lock/-/body-scroll-lock-2.6.4.tgz#567abc60ef4d656a79156781771398ef40462e94"
  integrity sha512-NP08WsovlmxEoZP9pdlqrE+AhNaivlTrz9a0FF37BQsnOrpN48eNqivKkE7SYpM9N+YIPjsdVzfLAUQDBm6OQw==

"js-tokens@^3.0.0 || ^4.0.0":
  version "4.0.0"
  resolved "https://registry.yarnpkg.com/js-tokens/-/js-tokens-4.0.0.tgz#19203fb59991df98e3a287050d4647cdeaf32499"
  integrity sha512-RdJUflcE3cUzKiMqQgsCu06FPu9UdIJO0beYbPhHN4k6apgJtifcoCtT9bcxOpYBtpD2kCM6Sbzg4CausW/PKQ==

loose-envify@^1.4.0:
  version "1.4.0"
  resolved "https://registry.yarnpkg.com/loose-envify/-/loose-envify-1.4.0.tgz#71ee51fa7be4caec1a63839f7e682d8132d30caf"
  integrity sha512-lyuxPGr/Wfhrlem2CL/UcnUc1zcqKAImBDzukY7Y5F/yQiNdko6+fRLevlw1HgMySw7f611UIY408EtxRSoK3Q==
  dependencies:
    js-tokens "^3.0.0 || ^4.0.0"

object-assign@^4.1.1:
  version "4.1.1"
  resolved "https://registry.yarnpkg.com/object-assign/-/object-assign-4.1.1.tgz#2109adc7965887cfc05cbbd442cac8bfbb360863"
  integrity sha1-IQmtx5ZYh8/AXLvUQsrIv7s2CGM=

polished@^3.4.1:
  version "3.4.2"
  resolved "https://registry.yarnpkg.com/polished/-/polished-3.4.2.tgz#b4780dad81d64df55615fbfc77acb52fd17d88cd"
  integrity sha512-9Rch6iMZckABr6EFCLPZsxodeBpXMo9H4fRlfR/9VjMEyy5xpo1/WgXlJGgSjPyVhEZNycbW7UmYMNyWS5MI0g==
  dependencies:
    "@babel/runtime" "^7.6.3"

popper.js@^1.16.0:
  version "1.16.0"
  resolved "https://registry.yarnpkg.com/popper.js/-/popper.js-1.16.0.tgz#2e1816bcbbaa518ea6c2e15a466f4cb9c6e2fbb3"
  integrity sha512-+G+EkOPoE5S/zChTpmBSSDYmhXJ5PsW8eMhH8cP/CQHMFPBG/kC9Y5IIw6qNYgdJ+/COf0ddY2li28iHaZRSjw==

prop-desc@^1.0.0:
  version "1.0.0"
  resolved "https://registry.yarnpkg.com/prop-desc/-/prop-desc-1.0.0.tgz#215484ca17a282b16f4656fbcb71daf910c4a347"
  integrity sha512-UoPCaSK2kDImDA9v45qGqLK9xURCyWtdPpeZkjJpgnlcf/y8rD9W7UnXFRFqLFxbsoO6TJ65CsYrZucTDKs/iw==

prop-types@^15.7.2:
  version "15.7.2"
  resolved "https://registry.yarnpkg.com/prop-types/-/prop-types-15.7.2.tgz#52c41e75b8c87e72b9d9360e0206b99dcbffa6c5"
  integrity sha512-8QQikdH7//R2vurIJSutZ1smHYTcLpRWEOlHnzcWHmBYrOGUysKwSsrC89BCiFj3CbrfJ/nXFdJepOVrY1GCHQ==
  dependencies:
    loose-envify "^1.4.0"
    object-assign "^4.1.1"
    react-is "^16.8.1"

react-flatten-children@^1.0.0:
  version "1.0.0"
  resolved "https://registry.yarnpkg.com/react-flatten-children/-/react-flatten-children-1.0.0.tgz#9f29e3a54aa0e990c2b3a7e572dec5e225d59432"
  integrity sha512-BSKnBi7MJadvfTjE07xzJoBNhlKYY8FfQUJ1e5dlFh4lMZf3i1AcldP/9d2hBeEtFeYleHCU8nYTuSzrz3ZwsA==

react-is@^16.8.1:
  version "16.12.0"
  resolved "https://registry.yarnpkg.com/react-is/-/react-is-16.12.0.tgz#2cc0fe0fba742d97fd527c42a13bec4eeb06241c"
  integrity sha512-rPCkf/mWBtKc97aLL9/txD8DZdemK0vkA3JMLShjlJB3Pj3s+lpf1KaBzMfQrAmhMQB0n1cU/SUGgKKBCe837Q==

react-merge-refs@^1.0.0:
  version "1.0.0"
  resolved "https://registry.yarnpkg.com/react-merge-refs/-/react-merge-refs-1.0.0.tgz#d6b297b9a62a266460a3c0d8b9d920731d8bbe63"
  integrity sha512-VkvWuCR5VoTjb+VYUcOjkFo66HDv1Hw8VjKcwQtWr2lJnT8g7epRRyfz8+Zkl2WhwqNeqR0gIe0XYrBa9ePeXg==

reakit-system@^0.7.0:
  version "0.7.0"
  resolved "https://registry.yarnpkg.com/reakit-system/-/reakit-system-0.7.0.tgz#f630fe18af7a2a5a510035db36744c8d47798170"
  integrity sha512-6MaQsoyIhU0b0RGfIfGSSGujCx0XVBtfJkRcn+TviiWwMXGS9liTCDBE1vn7fLnUYiR6kqll50Nmw//oIn97cg==

reakit-utils@^0.7.1:
  version "0.7.1"
  resolved "https://registry.yarnpkg.com/reakit-utils/-/reakit-utils-0.7.1.tgz#f596327fcf66d6adf5c0dba2ca34b3e63994e1ec"
  integrity sha512-xQJctof9V+wkC7OxSL7P14d5Se6l/apCfhY8liIfVihtakzXOkvKea4Ka/TbEfpoTKN7MRO4xNMxjfzuGFexHQ==

reakit@^1.0.0-beta.12:
  version "1.0.0-beta.12"
  resolved "https://registry.yarnpkg.com/reakit/-/reakit-1.0.0-beta.12.tgz#89ae018ecd8a8a7250b3bd1f374564a112c9270b"
  integrity sha512-jf/0RWmJypG9wFbbCSj9mFxb474TCFnAweKnrh3yLJiMjKDEAFXic0cNyhqxSuOUUyZeT67bUFbu25DXBNfRmQ==
  dependencies:
    body-scroll-lock "^2.6.4"
    popper.js "^1.16.0"
    reakit-system "^0.7.0"
    reakit-utils "^0.7.1"

regenerator-runtime@^0.13.2:
  version "0.13.3"
  resolved "https://registry.yarnpkg.com/regenerator-runtime/-/regenerator-runtime-0.13.3.tgz#7cf6a77d8f5c6f60eb73c5fc1955b2ceb01e6bf5"
  integrity sha512-naKIZz2GQ8JWh///G7L3X6LaQUAMp2lvb1rvwwsURe/VXwD6VMfr+/1NuNw3ag8v2kY1aQ/go5SNn79O9JU7yw==
